
Microsoft Visual Studio Solution File, Format Version 12.00
# Visual Studio Version 17
VisualStudioVersion = 17.9.34902.65
MinimumVisualStudioVersion = 10.0.40219.1
Project("{FAE04EC0-301F-11D3-BF4B-00C04F79EFBC}") = "Peysahovich41", "Peysahovich41\Peysahovich41.csproj", "{FD411A6C-8660-482B-973D-A05176273B6A}"
EndProject
Global
	GlobalSection(SolutionConfigurationPlatforms) = preSolution
		Debug|Any CPU = Debug|Any CPU
		Release|Any CPU = Release|Any CPU
	EndGlobalSection
	GlobalSection(ProjectConfigurationPlatforms) = postSolution
		{FD411A6C-8660-482B-973D-A05176273B6A}.Debug|Any CPU.ActiveCfg = Debug|Any CPU
		{FD411A6C-8660-482B-973D-A05176273B6A}.Debug|Any CPU.Build.0 = Debug|Any CPU
		{FD411A6C-8660-482B-973D-A05176273B6A}.Release|Any CPU.ActiveCfg = Release|Any CPU
		{FD411A6C-8660-482B-973D-A05176273B6A}.Release|Any CPU.Build.0 = Release|Any CPU
	EndGlobalSection
	GlobalSection(SolutionProperties) = preSolution
		HideSolutionNode = FALSE
	EndGlobalSection
	GlobalSection(ExtensibilityGlobals) = postSolution
		SolutionGuid = {1E7EBB1E-88CA-4DA0-B474-E90BAE6F0E3C}
	EndGlobalSection
EndGlobal
